
Microsoft Visual Studio Solution File, Format Version 12.00
# Visual Studio Version 17
VisualStudioVersion = 17.8.34525.116
MinimumVisualStudioVersion = 10.0.40219.1
Project("{FAE04EC0-301F-11D3-BF4B-00C04F79EFBC}") = "HuffmanCompressor", "HuffmanCompressor\HuffmanCompressor.csproj", "{633C4E17-F506-45CF-8FAC-19E19B644D27}"
EndProject
Global
	GlobalSection(SolutionConfigurationPlatforms) = preSolution
		Debug|Any CPU = Debug|Any CPU
		Release|Any CPU = Release|Any CPU
	EndGlobalSection
	GlobalSection(ProjectConfigurationPlatforms) = postSolution
		{633C4E17-F506-45CF-8FAC-19E19B644D27}.Debug|Any CPU.ActiveCfg = Debug|Any CPU
		{633C4E17-F506-45CF-8FAC-19E19B644D27}.Debug|Any CPU.Build.0 = Debug|Any CPU
		{633C4E17-F506-45CF-8FAC-19E19B644D27}.Release|Any CPU.ActiveCfg = Release|Any CPU
		{633C4E17-F506-45CF-8FAC-19E19B644D27}.Release|Any CPU.Build.0 = Release|Any CPU
	EndGlobalSection
	GlobalSection(SolutionProperties) = preSolution
		HideSolutionNode = FALSE
	EndGlobalSection
	GlobalSection(ExtensibilityGlobals) = postSolution
		SolutionGuid = {42276103-B5F6-46C2-9730-7F749FE7C163}
	EndGlobalSection
EndGlobal
